# This file was autogenerated by Stack.
# You should not edit this file by hand.
# For more information, please see the documentation at:
#   https://docs.haskellstack.org/en/stable/lock_files

packages:
- completed:
    hackage: pandoc-2.13@sha256:0a8ecc670a3f808c87c5e88b06daf54cd2edfd9d15e6cea6579d7a1d3a4ef38f,37816
    pantry-tree:
      size: 120568
      sha256: 9296ae69acae072e85b76b90a5a7def857b2615c85e67dc1cf67176882f9dfef
  original:
    hackage: pandoc-2.13
- completed:
    hackage: pandoc-citeproc-0.17.0.2@sha256:39c5c60a5eca2c1cb50ae9a00dc7093ca1baac78ad5be4e222505de257dce456,8737
    pantry-tree:
      size: 25684
      sha256: 8a5f6398d750902d79c215a4c8f85c74f3e7ea572dd1f950d57e784669ac7a48
  original:
    hackage: pandoc-citeproc-0.17.0.2
- completed:
    hackage: hakyll-4.14.0.0@sha256:28aab547aa94202d486328aa4bbcd02ecbefc4e5d42dfa15e8137b731a4f5d55,9059
    pantry-tree:
      size: 8272
      sha256: b5dff3f9f3c9bc32b154d8f5b30f88fc12f88a32dd7a10ac7f16584af5059b3f
  original:
    hackage: hakyll-4.14.0.0
- completed:
    hackage: hakyll-images-1.0.1@sha256:a88a759731df738f88a0727f0c5a2e737bf662a7aca642155e3d531db124c1e5,2207
    pantry-tree:
      size: 1109
      sha256: dc96c9515b365815a6bc7b930c99005eff33550bec9e7e9dd5d93cbb26043a60
  original:
    hackage: hakyll-images-1.0.1
- completed:
    hackage: hakyll-sass-0.2.4@sha256:4d2fbd8b63f5ef15483fc6dda09e10eefd63b4f873ad38dec2a3607eb504a8ba,939
    pantry-tree:
      size: 217
      sha256: c03e74e71d010f009b8d972efc31fbd6dd25183e6d9afbec55f4b7f0d4a74b47
  original:
    hackage: hakyll-sass-0.2.4
- completed:
    hackage: hslua-module-path-0.1.0.1@sha256:1fe319f18315618491260c912e85b6f73e406499c8fe2fa505e59036a4ff78fd,2502
    pantry-tree:
      size: 418
      sha256: cc48ce7a84cce91c7655b4127f6fd19dd296a089e65eb58ec595bc3413a07c92
  original:
    hackage: hslua-module-path-0.1.0.1
- completed:
    hackage: enum-text-0.5.2.1@sha256:721030bc5cc601faa39101621bc4f28e8eb4b9f461d578e897cbbacd8b25c65d,1268
    pantry-tree:
      size: 316
      sha256: 4b8bf950bc83e3f73878525603831ae733c7707721c148deda4cc7c3ec1e0e08
  original:
    hackage: enum-text-0.5.2.1
- completed:
    hackage: pandoc-csv2table-1.0.9@sha256:ed400a18cac28be6da995d7357d014690d7950e554caee4d5dd1bd274690b5ee,1920
    pantry-tree:
      size: 582
      sha256: c71d1c6ecdea4dfdc92167840ca69d4e99dbf80c7ffc2ff49663031ed723daf9
  original:
    hackage: pandoc-csv2table-1.0.9
- completed:
    hackage: vector-0.12.3.0@sha256:0ae2c1ba86f0077910be242ec6802cc3d7725fe7b2bea6987201aa3737b239b5,7953
    pantry-tree:
      size: 3842
      sha256: 11121a60e271d7971b68d603e4727673e8ffb724c858106bb739997ae00e485a
  original:
    hackage: vector-0.12.3.0
snapshots:
- completed:
    size: 567241
    url: https://raw.githubusercontent.com/commercialhaskell/stackage-snapshots/master/lts/17/10.yaml
    sha256: 321b3b9f0c7f76994b39e0dabafdc76478274b4ff74cc5e43d410897a335ad3b
  original: lts-17.10
